PODS:
  - Charts (3.6.0):
    - Charts/Core (= 3.6.0)
  - Charts/Core (3.6.0)
  - FittedSheets (2.4.2)
  - Realm (10.20.1):
    - Realm/Headers (= 10.20.1)
  - Realm/Headers (10.20.1)
  - RealmSwift (10.20.1):
    - Realm (= 10.20.1)
  - SDWebImage (5.11.1):
    - SDWebImage/Core (= 5.11.1)
  - SDWebImage/Core (5.11.1)
  - SwiftMessages (9.0.5):
    - SwiftMessages/App (= 9.0.5)
  - SwiftMessages/App (9.0.5)

DEPENDENCIES:
  - Charts
  - FittedSheets
  - RealmSwift (~> 10)
  - SDWebImage (~> 5.11.1)
  - SwiftMessages

SPEC REPOS:
  trunk:
    - Charts
    - FittedSheets
    - Realm
    - RealmSwift
    - SDWebImage
    - SwiftMessages

SPEC CHECKSUMS:
  Charts: b1e3a1f5a1c9ba5394438ca3b91bd8c9076310af
  FittedSheets: 661408776eb4ff514a31da75b3600bd7222b2b3d
  Realm: fac5ecd031fcb81171627b74944c885662d4b266
  RealmSwift: 9b02d25acb46a14756bde9893abb99e2e3675923
  SDWebImage: a7f831e1a65eb5e285e3fb046a23fcfbf08e696d
  SwiftMessages: 9cca50659fa22bb523b4dd2a958d4442e843a354

PODFILE CHECKSUM: 3d35cf482a0dd72040bc2531a60f165d38cb5429

COCOAPODS: 1.11.2
